
Microsoft Visual Studio Solution File, Format Version 12.00
# Visual Studio 14
VisualStudioVersion = 14.0.25420.1
MinimumVisualStudioVersion = 10.0.40219.1
Project("{FAE04EC0-301F-11D3-BF4B-00C04F79EFBC}") = "MyJumpHelper", "MyJumpHelper\MyJumpHelper.csproj", "{3BAC12F0-59DB-44A0-88B0-E1EBBAD59EC5}"
EndProject
Project("{2150E333-8FDC-42A3-9474-1A3956D46DE8}") = "Solution Items", "Solution Items", "{FFA9606D-55E5-405E-BD28-57941B4CDCFA}"
	ProjectSection(SolutionItems) = preProject
		README.md = README.md
	EndProjectSection
EndProject
Global
	GlobalSection(SolutionConfigurationPlatforms) = preSolution
		Debug|Any CPU = Debug|Any CPU
		Release|Any CPU = Release|Any CPU
	EndGlobalSection
	GlobalSection(ProjectConfigurationPlatforms) = postSolution
		{3BAC12F0-59DB-44A0-88B0-E1EBBAD59EC5}.Debug|Any CPU.ActiveCfg = Debug|Any CPU
		{3BAC12F0-59DB-44A0-88B0-E1EBBAD59EC5}.Debug|Any CPU.Build.0 = Debug|Any CPU
		{3BAC12F0-59DB-44A0-88B0-E1EBBAD59EC5}.Release|Any CPU.ActiveCfg = Release|Any CPU
		{3BAC12F0-59DB-44A0-88B0-E1EBBAD59EC5}.Release|Any CPU.Build.0 = Release|Any CPU
	EndGlobalSection
	GlobalSection(SolutionProperties) = preSolution
		HideSolutionNode = FALSE
	EndGlobalSection
	GlobalSection(ExtensibilityGlobals) = postSolution
		SolutionGuid = {49BEA0BB-6322-4341-B003-8269CA2F32C9}
	EndGlobalSection
EndGlobal
